# THIS IS AN AUTOGENERATED FILE. DO NOT EDIT THIS FILE DIRECTLY.
# yarn lockfile v1


"@babel/runtime@^7.22.5":
  version "7.23.2"
  resolved "https://registry.yarnpkg.com/@babel/runtime/-/runtime-7.23.2.tgz#062b0ac103261d68a966c4c7baf2ae3e62ec3885"
  integrity sha512-mM8eg4yl5D6i3lu2QKPuPH4FArvJ8KhTofbE7jwMUv9KX5mBvwPAqnV3MlyBNqdp9RyRKP6Yck8TrfYrPvX3bg==
  dependencies:
    regenerator-runtime "^0.14.0"

"@discordjs/builders@^1.6.5":
  version "1.6.5"
  resolved "https://registry.yarnpkg.com/@discordjs/builders/-/builders-1.6.5.tgz#3e23912eaab1d542b61ca0fa7202e5aaef2b7200"
  integrity sha512-SdweyCs/+mHj+PNhGLLle7RrRFX9ZAhzynHahMCLqp5Zeq7np7XC6/mgzHc79QoVlQ1zZtOkTTiJpOZu5V8Ufg==
  dependencies:
    "@discordjs/formatters" "^0.3.2"
    "@discordjs/util" "^1.0.1"
    "@sapphire/shapeshift" "^3.9.2"
    discord-api-types "0.37.50"
    fast-deep-equal "^3.1.3"
    ts-mixer "^6.0.3"
    tslib "^2.6.1"

"@discordjs/collection@^1.5.1", "@discordjs/collection@^1.5.3":
  version "1.5.3"
  resolved "https://registry.yarnpkg.com/@discordjs/collection/-/collection-1.5.3.tgz#5a1250159ebfff9efa4f963cfa7e97f1b291be18"
  integrity sha512-SVb428OMd3WO1paV3rm6tSjM4wC+Kecaa1EUGX7vc6/fddvw/6lg90z4QtCqm21zvVe92vMMDt9+DkIvjXImQQ==

"@discordjs/formatters@^0.3.2":
  version "0.3.2"
  resolved "https://registry.yarnpkg.com/@discordjs/formatters/-/formatters-0.3.2.tgz#3ae054f7b3097cc0dc7645fade37a3f20fa1fb4b"
  integrity sha512-lE++JZK8LSSDRM5nLjhuvWhGuKiXqu+JZ/DsOR89DVVia3z9fdCJVcHF2W/1Zxgq0re7kCzmAJlCMMX3tetKpA==
  dependencies:
    discord-api-types "0.37.50"

"@discordjs/rest@^2.0.1":
  version "2.0.1"
  resolved "https://registry.yarnpkg.com/@discordjs/rest/-/rest-2.0.1.tgz#100c208a964e54b8d7cd418bbaed279c816b8ec5"
  integrity sha512-/eWAdDRvwX/rIE2tuQUmKaxmWeHmGealttIzGzlYfI4+a7y9b6ZoMp8BG/jaohs8D8iEnCNYaZiOFLVFLQb8Zg==
  dependencies:
    "@discordjs/collection" "^1.5.3"
    "@discordjs/util" "^1.0.1"
    "@sapphire/async-queue" "^1.5.0"
    "@sapphire/snowflake" "^3.5.1"
    "@vladfrangu/async_event_emitter" "^2.2.2"
    discord-api-types "0.37.50"
    magic-bytes.js "^1.0.15"
    tslib "^2.6.1"
    undici "5.22.1"

"@discordjs/util@^1.0.1":
  version "1.0.1"
  resolved "https://registry.yarnpkg.com/@discordjs/util/-/util-1.0.1.tgz#7d6f97b65425d3a8b46ea1180150dee6991a88cf"
  integrity sha512-d0N2yCxB8r4bn00/hvFZwM7goDcUhtViC5un4hPj73Ba4yrChLSJD8fy7Ps5jpTLg1fE9n4K0xBLc1y9WGwSsA==

"@discordjs/ws@^1.0.1":
  version "1.0.1"
  resolved "https://registry.yarnpkg.com/@discordjs/ws/-/ws-1.0.1.tgz#fab8aa4c1667040a95b5268a2875add27353d323"
  integrity sha512-avvAolBqN3yrSvdBPcJ/0j2g42ABzrv3PEL76e3YTp2WYMGH7cuspkjfSyNWaqYl1J+669dlLp+YFMxSVQyS5g==
  dependencies:
    "@discordjs/collection" "^1.5.3"
    "@discordjs/rest" "^2.0.1"
    "@discordjs/util" "^1.0.1"
    "@sapphire/async-queue" "^1.5.0"
    "@types/ws" "^8.5.5"
    "@vladfrangu/async_event_emitter" "^2.2.2"
    discord-api-types "0.37.50"
    tslib "^2.6.1"
    ws "^8.13.0"

"@favware/colorette-spinner@^1.0.1":
  version "1.0.1"
  resolved "https://registry.yarnpkg.com/@favware/colorette-spinner/-/colorette-spinner-1.0.1.tgz#acc9e4645b280c0d5e1d49bc3d9efe9cc90d3dfc"
  integrity sha512-PPYtcLzhSafdylp8NBOxMCYIcLqTUMNiQc7ciBoAIvxNG2egM+P7e2nNPui5+Svyk89Q+Tnbrp139ZRIIBw3IA==
  dependencies:
    colorette "*"

"@kaname-png/plugin-subcommands-advanced@^2.4.0":
  version "2.4.0"
  resolved "https://registry.yarnpkg.com/@kaname-png/plugin-subcommands-advanced/-/plugin-subcommands-advanced-2.4.0.tgz#1776a43e9794dd42b6bbb4ce203e802a75092ace"
  integrity sha512-zHQOwgHj1+NvWbbcQ1kGREWHVgJRmDvAywY88K8S+276tb6cMuUgZEbHlHWbHjD+hJZp3xMBCmSfymF6WDnSPA==
  dependencies:
    "@sapphire/decorators" "^6.0.2"
    tslib "^2.6.2"

"@prisma/client@^5.5.2":
  version "5.5.2"
  resolved "https://registry.yarnpkg.com/@prisma/client/-/client-5.5.2.tgz#ce6389e7ad9e9cf0fc2a7c6a0032ad2e12a9fd61"
  integrity sha512-54XkqR8M+fxbzYqe+bIXimYnkkcGqgOh0dn0yWtIk6CQT4IUCAvNFNcQZwk2KqaLU+/1PHTSWrcHtx4XjluR5w==
  dependencies:
    "@prisma/engines-version" "5.5.1-1.aebc046ce8b88ebbcb45efe31cbe7d06fd6abc0a"

"@prisma/engines-version@5.5.1-1.aebc046ce8b88ebbcb45efe31cbe7d06fd6abc0a":
  version "5.5.1-1.aebc046ce8b88ebbcb45efe31cbe7d06fd6abc0a"
  resolved "https://registry.yarnpkg.com/@prisma/engines-version/-/engines-version-5.5.1-1.aebc046ce8b88ebbcb45efe31cbe7d06fd6abc0a.tgz#35cd59ed65ee1f9e333f4865ec86a4432c4d0a9c"
  integrity sha512-O+qHFnZvAyOFk1tUco2/VdiqS0ym42a3+6CYLScllmnpbyiTplgyLt2rK/B9BTjYkSHjrgMhkG47S0oqzdIckA==

"@prisma/engines@5.5.2":
  version "5.5.2"
  resolved "https://registry.yarnpkg.com/@prisma/engines/-/engines-5.5.2.tgz#fe0d2361a48c7d59568ccf0d35c75432594e1ac1"
  integrity sha512-Be5hoNF8k+lkB3uEMiCHbhbfF6aj1GnrTBnn5iYFT7GEr3TsOEp1soviEcBR0tYCgHbxjcIxJMhdbvxALJhAqg==

"@sapphire/async-queue@^1.5.0":
  version "1.5.0"
  resolved "https://registry.yarnpkg.com/@sapphire/async-queue/-/async-queue-1.5.0.tgz#2f255a3f186635c4fb5a2381e375d3dfbc5312d8"
  integrity sha512-JkLdIsP8fPAdh9ZZjrbHWR/+mZj0wvKS5ICibcLrRI1j84UmLMshx5n9QmL8b95d4onJ2xxiyugTgSAX7AalmA==

"@sapphire/cli@^1.6.1":
  version "1.6.1"
  resolved "https://registry.yarnpkg.com/@sapphire/cli/-/cli-1.6.1.tgz#5da1c66c8e2ac67b3212082c9d81f04f64553af6"
  integrity sha512-gXA1pPrcR9nd1ipXMVRVjEm029wwoPj5Qzm7G68i3V8QfTl2dAMokZNKHD4nZZanUsBbc+KKWwsCScamDp0RzA==
  dependencies:
    "@favware/colorette-spinner" "^1.0.1"
    "@sapphire/result" "^2.6.3"
    colorette "^2.0.20"
    commander "^10.0.1"
    execa "^7.1.1"
    find-up "^5.0.0"
    js-yaml "^4.1.0"
    prompts "^2.4.2"
    tslib "^2.5.0"

"@sapphire/decorators@^6.0.2":
  version "6.0.2"
  resolved "https://registry.yarnpkg.com/@sapphire/decorators/-/decorators-6.0.2.tgz#798b38c6fd57ec801933384ab26baa09ee90efc6"
  integrity sha512-R0bsVvvT/iclElvdglpneIB6UGhzqT3DbMy8b0VHcjSSWArAfxFXiv7mVO/5VeiQduZFhWPgqtTWayKdRYY1NA==
  dependencies:
    tslib "^2.6.0"

"@sapphire/discord-utilities@^3.1.1":
  version "3.1.1"
  resolved "https://registry.yarnpkg.com/@sapphire/discord-utilities/-/discord-utilities-3.1.1.tgz#87d0e37366a5cde9002e5e0393daeb19e4aed08d"
  integrity sha512-kIKS7J7g06s5PBiuruQY+6T7mCC84myMq8QaHLJgyuj1NeFfqr7+txJ5weSXBODPIsY3iX2WUS4kmLJgKmnOtA==
  dependencies:
    discord-api-types "^0.37.55"

"@sapphire/discord.js-utilities@7.0.2", "@sapphire/discord.js-utilities@^7.0.2":
  version "7.0.2"
  resolved "https://registry.yarnpkg.com/@sapphire/discord.js-utilities/-/discord.js-utilities-7.0.2.tgz#b46bd3f440ff155ca1e6423adec4f4dcf1d7aff1"
  integrity sha512-GnGy6i65lBXTDu5LUu3YX/7Z5ODZIjP4rx+jPopELoVeqdUS1rMc/hcK+tplgwNaXMiftRVGY6rrdVdijCQKHA==
  dependencies:
    "@sapphire/discord-utilities" "^3.1.1"
    "@sapphire/duration" "^1.1.0"
    "@sapphire/utilities" "^3.13.0"
    tslib "^2.6.2"

"@sapphire/duration@^1.1.0":
  version "1.1.0"
  resolved "https://registry.yarnpkg.com/@sapphire/duration/-/duration-1.1.0.tgz#941d93585c6dd434d4d3416c28d2eb20d936db19"
  integrity sha512-ATb2pWPLcSgG7bzvT6MglUcDexFSufr2FLXUmhipWGFtZbvDhkopGBIuHyzoGy7LZvL8UY5T6pRLNdFv5pl/Lg==

"@sapphire/fetch@^2.4.1":
  version "2.4.1"
  resolved "https://registry.yarnpkg.com/@sapphire/fetch/-/fetch-2.4.1.tgz#71bb53602ccf9baf15d5921980288b19d7d704e0"
  integrity sha512-jKy1RCkuz2mIjsRZLVLUz9pbmDVZiFst3eVqJoDD/ay3u9NP054DYsRSE08q3EsZXHXte2dFIzVyiwL+iLeRNA==
  dependencies:
    cross-fetch "^3.1.5"

"@sapphire/framework@^4.7.2":
  version "4.7.2"
  resolved "https://registry.yarnpkg.com/@sapphire/framework/-/framework-4.7.2.tgz#31b12ea4d9fd8d027a7c9f998c36caa6c848bbd9"
  integrity sha512-SWBNssp8hOvSjjlyZqkF3gcPqsNLACNR2HXsryPM7WNhMKd0CeFTBAVB5VrxgVefK5wVHddwlDaiQOdTZpshFQ==
  dependencies:
    "@discordjs/builders" "^1.6.5"
    "@sapphire/discord-utilities" "^3.1.1"
    "@sapphire/discord.js-utilities" "^7.0.2"
    "@sapphire/lexure" "^1.1.5"
    "@sapphire/pieces" "^3.7.0"
    "@sapphire/ratelimits" "^2.4.7"
    "@sapphire/result" "^2.6.4"
    "@sapphire/stopwatch" "^1.5.0"
    "@sapphire/utilities" "^3.13.0"

"@sapphire/lexure@^1.1.5":
  version "1.1.5"
  resolved "https://registry.yarnpkg.com/@sapphire/lexure/-/lexure-1.1.5.tgz#eba194cf3a5e59432b2f0649cf86050acb91bb4a"
  integrity sha512-afVTCLHezlyvdvvOcEeCzMA05l1yje9axtY7gWQpDcppOazskYPgGMVCdAbfHz5BsyABMZYT2MznY+phEgFc8Q==
  dependencies:
    "@sapphire/result" "^2.6.4"

"@sapphire/pieces@^3.7.0":
  version "3.7.0"
  resolved "https://registry.yarnpkg.com/@sapphire/pieces/-/pieces-3.7.0.tgz#d58d74002a53d01970831b4ccbf2de93a57340be"
  integrity sha512-DgkcvTja63rDPP4uByH2Ky3eNaYp+Yc1WoFaOsme5w5Nptruwj49sktY6KEbdBrxz23l3ofcxaqnfT/8RROJug==
  dependencies:
    "@discordjs/collection" "^1.5.1"
    "@sapphire/utilities" "^3.13.0"
    tslib "^2.6.0"

"@sapphire/plugin-i18next@^6.0.1":
  version "6.0.1"
  resolved "https://registry.yarnpkg.com/@sapphire/plugin-i18next/-/plugin-i18next-6.0.1.tgz#4d15614310b1ed5ec7da7a44bcebb45083276adf"
  integrity sha512-fpMFx5e29baGf1pNrEQHsZS0EH4GklKxHI0fAPn4eNbwKDBlwsXyTwtozWW0hGplTglzY+YiSOVT9La6JLEqmg==
  dependencies:
    "@sapphire/utilities" "^3.13.0"
    "@skyra/i18next-backend" "^2.0.4"
    chokidar "^3.5.3"
    i18next "^23.5.1"

"@sapphire/plugin-logger@^3.0.6":
  version "3.0.6"
  resolved "https://registry.yarnpkg.com/@sapphire/plugin-logger/-/plugin-logger-3.0.6.tgz#a9969f44c15a4c40f2cf6a97bdec048601350f5a"
  integrity sha512-BMluxIdVODObdbCy4TRkCmSAB/T/XQlYxaD25HD+1Z4feUVrBGWFmmWQo/2X4aLMD3VZi5RQ5oY6kZgtHn+ufA==
  dependencies:
    "@sapphire/timestamp" "^1.0.1"
    colorette "^2.0.20"

"@sapphire/plugin-subcommands@^5.0.0":
  version "5.0.0"
  resolved "https://registry.yarnpkg.com/@sapphire/plugin-subcommands/-/plugin-subcommands-5.0.0.tgz#b377f8277ff58384102e76f2096b573c86fe455c"
  integrity sha512-C1QL14QDHPgw5K9yXqhQJqOmRVuECLbtjQT5VNUV4mFZdqfDeGSpws3NdCOj+jcgMySqQfw+Cg572O8yP7kzhQ==
  dependencies:
    "@sapphire/utilities" "^3.13.0"
    tslib "^2.6.2"

"@sapphire/prettier-config@^2.0.0":
  version "2.0.0"
  resolved "https://registry.yarnpkg.com/@sapphire/prettier-config/-/prettier-config-2.0.0.tgz#f56888ad05709f61954c6f24334b7443d844bf12"
  integrity sha512-Vie8KR5zQ6sbEP4+biW/IR7k55saGfZkTSuRlgvxCBKb4SBJdRWcOBI80i+JxMVIDDZKgXlgYnXEST+FgZiWXA==
  dependencies:
    prettier "^3.0.0"

"@sapphire/ratelimits@^2.4.7":
  version "2.4.7"
  resolved "https://registry.yarnpkg.com/@sapphire/ratelimits/-/ratelimits-2.4.7.tgz#bc4754bb29e275ab321f68a09556857265162d2d"
  integrity sha512-IJQySiK+A8P4E+0oW2TGDy4RBjMsw3hccFL0y4kjQ2VZNzPDHJSYR4Pb1TzlG6V9YTVdCNWJODFXXyVn3tEQ/A==

"@sapphire/result@^2.6.3", "@sapphire/result@^2.6.4":
  version "2.6.4"
  resolved "https://registry.yarnpkg.com/@sapphire/result/-/result-2.6.4.tgz#13816254f94a42a95b9d6068ddc81fbf2173ded4"
  integrity sha512-o6rAnNbtumhR4Iy9t1p3xtOG9WtfO2OyyyaBrGUNThmhqf1cwvl5CO3/E0Hd66qdkuSqpJqC9TnnGzTmSoDd6A==

"@sapphire/shapeshift@^3.9.2":
  version "3.9.3"
  resolved "https://registry.yarnpkg.com/@sapphire/shapeshift/-/shapeshift-3.9.3.tgz#89d26713044bc21cc5e0845e61a8a328ca3c1a84"
  integrity sha512-WzKJSwDYloSkHoBbE8rkRW8UNKJiSRJ/P8NqJ5iVq7U2Yr/kriIBx2hW+wj2Z5e5EnXL1hgYomgaFsdK6b+zqQ==
  dependencies:
    fast-deep-equal "^3.1.3"
    lodash "^4.17.21"

"@sapphire/snowflake@^3.5.1":
  version "3.5.1"
  resolved "https://registry.yarnpkg.com/@sapphire/snowflake/-/snowflake-3.5.1.tgz#254521c188b49e8b2d4cc048b475fb2b38737fec"
  integrity sha512-BxcYGzgEsdlG0dKAyOm0ehLGm2CafIrfQTZGWgkfKYbj+pNNsorZ7EotuZukc2MT70E0UbppVbtpBrqpzVzjNA==

"@sapphire/stopwatch@^1.5.0":
  version "1.5.0"
  resolved "https://registry.yarnpkg.com/@sapphire/stopwatch/-/stopwatch-1.5.0.tgz#4acf7352f969f0c81d69a838ecbfc8b6026ff660"
  integrity sha512-DtyKugdy3JTqm6JnEepTY64fGJAqlusDVrlrzifEgSCfGYCqpvB+SBldkWtDH+z+zLcp+PyaFLq7xpVfkhmvGg==
  dependencies:
    tslib "^2.4.0"

"@sapphire/timestamp@^1.0.1":
  version "1.0.1"
  resolved "https://registry.yarnpkg.com/@sapphire/timestamp/-/timestamp-1.0.1.tgz#438d2c10702430cb95db84ada519f240800e5e4e"
  integrity sha512-uLg+rBFuBiaQY/pFGDDzZSOH2cfv4ONIB7zQGNuRCTpYKBW/iIhRBIZjJZyn8NVkXQhVi+Q94DI4i6gDhYVs7w==

"@sapphire/ts-config@^5.0.0":
  version "5.0.0"
  resolved "https://registry.yarnpkg.com/@sapphire/ts-config/-/ts-config-5.0.0.tgz#bfe230569e138c81aa248da3a35cefa3a6d1f6dc"
  integrity sha512-E4JfpCK/OxaH8lYEP0+xbRUeIBanEOkA5IUtvj+Uib2TG2p7H0Sb1mF1fpmf0ICyDaOu9/201Il/ymV3cr/isw==
  dependencies:
    tslib "^2.6.2"
    typescript "^5.2.2"

"@sapphire/utilities@^3.13.0":
  version "3.13.0"
  resolved "https://registry.yarnpkg.com/@sapphire/utilities/-/utilities-3.13.0.tgz#04fd73281ad4cd63c2c87ffbac3faa393d77cf95"
  integrity sha512-BD5ycPjZX5dXxrAb90dJTY8ukpPVBXgU17gA5ghK2memS4hwAzFYpvK+R+6zh4d6HYIKVuqrVhGXjvZenAa/Aw==

"@skyra/env-utilities@^1.2.1":
  version "1.2.1"
  resolved "https://registry.yarnpkg.com/@skyra/env-utilities/-/env-utilities-1.2.1.tgz#46764ef3c11649af87caaeed431fe21a613254c5"
  integrity sha512-blyw0zCtrdP5SEiPAw62UuCd69bXdIBTtyzCXamVOcN2wqXt8HWkYrz8IdmZ2cvgnYIXpz7hzAmrIi3fGG7zzQ==
  dependencies:
    dotenv "^16.3.0"
    dotenv-expand "^10.0.0"

"@skyra/i18next-backend@^2.0.4":
  version "2.0.4"
  resolved "https://registry.yarnpkg.com/@skyra/i18next-backend/-/i18next-backend-2.0.4.tgz#22c8f0019304404f84e988c39a3e3e8baf93ce2b"
  integrity sha512-kgNuel7x8qHdjyTLd31tvRi+Lo+innqBVnTJBT8MRvf43aTsrMv1sNo5byit7HPTgjesaGwJYgvheOTaGEhuGQ==
  dependencies:
    tslib "^2.6.2"

"@types/node@*", "@types/node@^20.8.9":
  version "20.8.10"
  resolved "https://registry.yarnpkg.com/@types/node/-/node-20.8.10.tgz#a5448b895c753ae929c26ce85cab557c6d4a365e"
  integrity sha512-TlgT8JntpcbmKUFzjhsyhGfP2fsiz1Mv56im6enJ905xG1DAYesxJaeSbGqQmAw8OWPdhyJGhGSQGKRNJ45u9w==
  dependencies:
    undici-types "~5.26.4"

"@types/ws@^8.5.5", "@types/ws@^8.5.8":
  version "8.5.8"
  resolved "https://registry.yarnpkg.com/@types/ws/-/ws-8.5.8.tgz#13efec7bd439d0bdf2af93030804a94f163b1430"
  integrity sha512-flUksGIQCnJd6sZ1l5dqCEG/ksaoAg/eUwiLAGTJQcfgvZJKF++Ta4bJA6A5aPSJmsr+xlseHn4KLgVlNnvPTg==
  dependencies:
    "@types/node" "*"

"@vladfrangu/async_event_emitter@^2.2.2":
  version "2.2.2"
  resolved "https://registry.yarnpkg.com/@vladfrangu/async_event_emitter/-/async_event_emitter-2.2.2.tgz#84c5a3f8d648842cec5cc649b88df599af32ed88"
  integrity sha512-HIzRG7sy88UZjBJamssEczH5q7t5+axva19UbZLO6u0ySbYPrwzWiXBcC0WuHyhKKoeCyneH+FvYzKQq/zTtkQ==

anymatch@~3.1.2:
  version "3.1.3"
  resolved "https://registry.yarnpkg.com/anymatch/-/anymatch-3.1.3.tgz#790c58b19ba1720a84205b57c618d5ad8524973e"
  integrity sha512-KMReFUr0B4t+D+OBkjR3KYqvocp2XaSzO55UcB6mgQMd3KbcE+mWTyvVV7D/zsdEbNnV6acZUutkiHQXvTr1Rw==
  dependencies:
    normalize-path "^3.0.0"
    picomatch "^2.0.4"

argparse@^2.0.1:
  version "2.0.1"
  resolved "https://registry.yarnpkg.com/argparse/-/argparse-2.0.1.tgz#246f50f3ca78a3240f6c997e8a9bd1eac49e4b38"
  integrity sha512-8+9WqebbFzpX9OR+Wa6O29asIogeRMzcGtAINdpMHHyAg10f05aSFVBbcEqGf/PXw1EjAZ+q2/bEBg3DvurK3Q==

binary-extensions@^2.0.0:
  version "2.2.0"
  resolved "https://registry.yarnpkg.com/binary-extensions/-/binary-extensions-2.2.0.tgz#75f502eeaf9ffde42fc98829645be4ea76bd9e2d"
  integrity sha512-jDctJ/IVQbZoJykoeHbhXpOlNBqGNcwXJKJog42E5HDPUwQTSdjCHdihjj0DlnheQ7blbT6dHOafNAiS8ooQKA==

braces@~3.0.2:
  version "3.0.2"
  resolved "https://registry.yarnpkg.com/braces/-/braces-3.0.2.tgz#3454e1a462ee8d599e236df336cd9ea4f8afe107"
  integrity sha512-b8um+L1RzM3WDSzvhm6gIz1yfTbBt6YTlcEKAvsmqCZZFw46z626lVj9j1yEPW33H5H+lBQpZMP1k8l+78Ha0A==
  dependencies:
    fill-range "^7.0.1"

busboy@^1.6.0:
  version "1.6.0"
  resolved "https://registry.yarnpkg.com/busboy/-/busboy-1.6.0.tgz#966ea36a9502e43cdb9146962523b92f531f6893"
  integrity sha512-8SFQbg/0hQ9xy3UNTB0YEnsNBbWfhf7RtnzpL7TkBiTBRfrQ9Fxcnz7VJsleJpyp6rVLvXiuORqjlHi5q+PYuA==
  dependencies:
    streamsearch "^1.1.0"

chokidar@^3.5.3:
  version "3.5.3"
  resolved "https://registry.yarnpkg.com/chokidar/-/chokidar-3.5.3.tgz#1cf37c8707b932bd1af1ae22c0432e2acd1903bd"
  integrity sha512-Dr3sfKRP6oTcjf2JmUmFJfeVMvXBdegxB0iVQ5eb2V10uFJUCAS8OByZdVAyVb8xXNz3GjjTgj9kLWsZTqE6kw==
  dependencies:
    anymatch "~3.1.2"
    braces "~3.0.2"
    glob-parent "~5.1.2"
    is-binary-path "~2.1.0"
    is-glob "~4.0.1"
    normalize-path "~3.0.0"
    readdirp "~3.6.0"
  optionalDependencies:
    fsevents "~2.3.2"

colorette@*, colorette@^2.0.20:
  version "2.0.20"
  resolved "https://registry.yarnpkg.com/colorette/-/colorette-2.0.20.tgz#9eb793e6833067f7235902fcd3b09917a000a95a"
  integrity sha512-IfEDxwoWIjkeXL1eXcDiow4UbKjhLdq6/EuSVR9GMN7KVH3r9gQ83e73hsz1Nd1T3ijd5xv1wcWRYO+D6kCI2w==

commander@^10.0.1:
  version "10.0.1"
  resolved "https://registry.yarnpkg.com/commander/-/commander-10.0.1.tgz#881ee46b4f77d1c1dccc5823433aa39b022cbe06"
  integrity sha512-y4Mg2tXshplEbSGzx7amzPwKKOCGuoSRP/CjEdwwk0FOGlUbq6lKuoyDZTNZkmxHdJtp54hdfY/JUrdL7Xfdug==

cross-fetch@^3.1.5:
  version "3.1.8"
  resolved "https://registry.yarnpkg.com/cross-fetch/-/cross-fetch-3.1.8.tgz#0327eba65fd68a7d119f8fb2bf9334a1a7956f82"
  integrity sha512-cvA+JwZoU0Xq+h6WkMvAUqPEYy92Obet6UdKLfW60qn99ftItKjB5T+BkyWOFWe2pUyfQ+IJHmpOTznqk1M6Kg==
  dependencies:
    node-fetch "^2.6.12"

cross-spawn@^7.0.3:
  version "7.0.3"
  resolved "https://registry.yarnpkg.com/cross-spawn/-/cross-spawn-7.0.3.tgz#f73a85b9d5d41d045551c177e2882d4ac85728a6"
  integrity sha512-iRDPJKUPVEND7dHPO8rkbOnPpyDygcDFtWjpeWNCgy8WP2rXcxXL8TskReQl6OrB2G7+UJrags1q15Fudc7G6w==
  dependencies:
    path-key "^3.1.0"
    shebang-command "^2.0.0"
    which "^2.0.1"

discord-api-types@0.37.50:
  version "0.37.50"
  resolved "https://registry.yarnpkg.com/discord-api-types/-/discord-api-types-0.37.50.tgz#6059eb8c0b784ad8194655a8b8b7f540fcfac428"
  integrity sha512-X4CDiMnDbA3s3RaUXWXmgAIbY1uxab3fqe3qwzg5XutR3wjqi7M3IkgQbsIBzpqBN2YWr/Qdv7JrFRqSgb4TFg==

discord-api-types@^0.37.55:
  version "0.37.62"
  resolved "https://registry.yarnpkg.com/discord-api-types/-/discord-api-types-0.37.62.tgz#ace78d2cd09c63ad8c7066edd99fddb515a93f90"
  integrity sha512-KpLQ6TiylGSSHj8AQW8Hz1ek1MkBbQUWs4gZhWH0rvSsWSj9tfav6EIitSxbFmqveqfu8oiPFI7vgFE4kBhTcQ==

discord.js@^14.13.0:
  version "14.13.0"
  resolved "https://registry.yarnpkg.com/discord.js/-/discord.js-14.13.0.tgz#e7a00bdba70adb9e266a06884ca1acaf9a0b5c20"
  integrity sha512-Kufdvg7fpyTEwANGy9x7i4od4yu5c6gVddGi5CKm4Y5a6sF0VBODObI3o0Bh7TGCj0LfNT8Qp8z04wnLFzgnbA==
  dependencies:
    "@discordjs/builders" "^1.6.5"
    "@discordjs/collection" "^1.5.3"
    "@discordjs/formatters" "^0.3.2"
    "@discordjs/rest" "^2.0.1"
    "@discordjs/util" "^1.0.1"
    "@discordjs/ws" "^1.0.1"
    "@sapphire/snowflake" "^3.5.1"
    "@types/ws" "^8.5.5"
    discord-api-types "0.37.50"
    fast-deep-equal "^3.1.3"
    lodash.snakecase "^4.1.1"
    tslib "^2.6.1"
    undici "5.22.1"
    ws "^8.13.0"

dotenv-expand@^10.0.0:
  version "10.0.0"
  resolved "https://registry.yarnpkg.com/dotenv-expand/-/dotenv-expand-10.0.0.tgz#12605d00fb0af6d0a592e6558585784032e4ef37"
  integrity sha512-GopVGCpVS1UKH75VKHGuQFqS1Gusej0z4FyQkPdwjil2gNIv+LNsqBlboOzpJFZKVT95GkCyWJbBSdFEFUWI2A==

dotenv@^16.3.0:
  version "16.3.1"
  resolved "https://registry.yarnpkg.com/dotenv/-/dotenv-16.3.1.tgz#369034de7d7e5b120972693352a3bf112172cc3e"
  integrity sha512-IPzF4w4/Rd94bA9imS68tZBaYyBWSCE47V1RGuMrB94iyTOIEwRmVL2x/4An+6mETpLrKJ5hQkB8W4kFAadeIQ==

duplexer@~0.1.1:
  version "0.1.2"
  resolved "https://registry.yarnpkg.com/duplexer/-/duplexer-0.1.2.tgz#3abe43aef3835f8ae077d136ddce0f276b0400e6"
  integrity sha512-jtD6YG370ZCIi/9GTaJKQxWTZD045+4R4hTk/x1UyoqadyJ9x9CgSi1RlVDQF8U2sxLLSnFkCaMihqljHIWgMg==

event-stream@=3.3.4:
  version "3.3.4"
  resolved "https://registry.yarnpkg.com/event-stream/-/event-stream-3.3.4.tgz#4ab4c9a0f5a54db9338b4c34d86bfce8f4b35571"
  integrity sha512-QHpkERcGsR0T7Qm3HNJSyXKEEj8AHNxkY3PK8TS2KJvQ7NiSHe3DDpwVKKtoYprL/AreyzFBeIkBIWChAqn60g==
  dependencies:
    duplexer "~0.1.1"
    from "~0"
    map-stream "~0.1.0"
    pause-stream "0.0.11"
    split "0.3"
    stream-combiner "~0.0.4"
    through "~2.3.1"

execa@^7.1.1:
  version "7.2.0"
  resolved "https://registry.yarnpkg.com/execa/-/execa-7.2.0.tgz#657e75ba984f42a70f38928cedc87d6f2d4fe4e9"
  integrity sha512-UduyVP7TLB5IcAQl+OzLyLcS/l32W/GLg+AhHJ+ow40FOk2U3SAllPwR44v4vmdFwIWqpdwxxpQbF1n5ta9seA==
  dependencies:
    cross-spawn "^7.0.3"
    get-stream "^6.0.1"
    human-signals "^4.3.0"
    is-stream "^3.0.0"
    merge-stream "^2.0.0"
    npm-run-path "^5.1.0"
    onetime "^6.0.0"
    signal-exit "^3.0.7"
    strip-final-newline "^3.0.0"

fast-deep-equal@^3.1.3:
  version "3.1.3"
  resolved "https://registry.yarnpkg.com/fast-deep-equal/-/fast-deep-equal-3.1.3.tgz#3a7d56b559d6cbc3eb512325244e619a65c6c525"
  integrity sha512-f3qQ9oQy9j2AhBe/H9VC91wLmKBCCU/gDOnKNAYG5hswO7BLKj09Hc5HYNz9cGI++xlpDCIgDaitVs03ATR84Q==

fill-range@^7.0.1:
  version "7.0.1"
  resolved "https://registry.yarnpkg.com/fill-range/-/fill-range-7.0.1.tgz#1919a6a7c75fe38b2c7c77e5198535da9acdda40"
  integrity sha512-qOo9F+dMUmC2Lcb4BbVvnKJxTPjCm+RRpe4gDuGrzkL7mEVl/djYSu2OdQ2Pa302N4oqkSg9ir6jaLWJ2USVpQ==
  dependencies:
    to-regex-range "^5.0.1"

find-up@^5.0.0:
  version "5.0.0"
  resolved "https://registry.yarnpkg.com/find-up/-/find-up-5.0.0.tgz#4c92819ecb7083561e4f4a240a86be5198f536fc"
  integrity sha512-78/PXT1wlLLDgTzDs7sjq9hzz0vXD+zn+7wypEe4fXQxCmdmqfGsEPQxmiCSQI3ajFV91bVSsvNtrJRiW6nGng==
  dependencies:
    locate-path "^6.0.0"
    path-exists "^4.0.0"

from@~0:
  version "0.1.7"
  resolved "https://registry.yarnpkg.com/from/-/from-0.1.7.tgz#83c60afc58b9c56997007ed1a768b3ab303a44fe"
  integrity sha512-twe20eF1OxVxp/ML/kq2p1uc6KvFK/+vs8WjEbeKmV2He22MKm7YF2ANIt+EOqhJ5L3K/SuuPhk0hWQDjOM23g==

fsevents@~2.3.2:
  version "2.3.3"
  resolved "https://registry.yarnpkg.com/fsevents/-/fsevents-2.3.3.tgz#cac6407785d03675a2a5e1a5305c697b347d90d6"
  integrity sha512-5xoDfX+fL7faATnagmWPpbFtwh/R77WmMMqqHGS65C3vvB0YHrgF+B1YmZ3441tMj5n63k0212XNoJwzlhffQw==

get-stream@^6.0.1:
  version "6.0.1"
  resolved "https://registry.yarnpkg.com/get-stream/-/get-stream-6.0.1.tgz#a262d8eef67aced57c2852ad6167526a43cbf7b7"
  integrity sha512-ts6Wi+2j3jQjqi70w5AlN8DFnkSwC+MqmxEzdEALB2qXZYV3X/b1CTfgPLGJNMeAWxdPfU8FO1ms3NUfaHCPYg==

glob-parent@~5.1.2:
  version "5.1.2"
  resolved "https://registry.yarnpkg.com/glob-parent/-/glob-parent-5.1.2.tgz#869832c58034fe68a4093c17dc15e8340d8401c4"
  integrity sha512-AOIgSQCepiJYwP3ARnGx+5VnTu2HBYdzbGP45eLw1vr3zB3vZLeyed1sC9hnbcOc9/SrMyM5RPQrkGz4aS9Zow==
  dependencies:
    is-glob "^4.0.1"

human-signals@^4.3.0:
  version "4.3.1"
  resolved "https://registry.yarnpkg.com/human-signals/-/human-signals-4.3.1.tgz#ab7f811e851fca97ffbd2c1fe9a958964de321b2"
  integrity sha512-nZXjEF2nbo7lIw3mgYjItAfgQXog3OjJogSbKa2CQIIvSGWcKgeJnQlNXip6NglNzYH45nSRiEVimMvYL8DDqQ==

i18next@^23.5.1:
  version "23.6.0"
  resolved "https://registry.yarnpkg.com/i18next/-/i18next-23.6.0.tgz#c6e996cfd3fef0bf60be3b7c581c35338dba5a71"
  integrity sha512-z0Cxr0MGkt+kli306WS4nNNM++9cgt2b2VCMprY92j+AIab/oclgPxdwtTZVLP1zn5t5uo8M6uLsZmYrcjr3HA==
  dependencies:
    "@babel/runtime" "^7.22.5"

is-binary-path@~2.1.0:
  version "2.1.0"
  resolved "https://registry.yarnpkg.com/is-binary-path/-/is-binary-path-2.1.0.tgz#ea1f7f3b80f064236e83470f86c09c254fb45b09"
  integrity sha512-ZMERYes6pDydyuGidse7OsHxtbI7WVeUEozgR/g7rd0xUimYNlvZRE/K2MgZTjWy725IfelLeVcEM97mmtRGXw==
  dependencies:
    binary-extensions "^2.0.0"

is-extglob@^2.1.1:
  version "2.1.1"
  resolved "https://registry.yarnpkg.com/is-extglob/-/is-extglob-2.1.1.tgz#a88c02535791f02ed37c76a1b9ea9773c833f8c2"
  integrity sha512-SbKbANkN603Vi4jEZv49LeVJMn4yGwsbzZworEoyEiutsN3nJYdbO36zfhGJ6QEDpOZIFkDtnq5JRxmvl3jsoQ==

is-glob@^4.0.1, is-glob@~4.0.1:
  version "4.0.3"
  resolved "https://registry.yarnpkg.com/is-glob/-/is-glob-4.0.3.tgz#64f61e42cbbb2eec2071a9dac0b28ba1e65d5084"
  integrity sha512-xelSayHH36ZgE7ZWhli7pW34hNbNl8Ojv5KVmkJD4hBdD3th8Tfk9vYasLM+mXWOZhFkgZfxhLSnrwRr4elSSg==
  dependencies:
    is-extglob "^2.1.1"

is-number@^7.0.0:
  version "7.0.0"
  resolved "https://registry.yarnpkg.com/is-number/-/is-number-7.0.0.tgz#7535345b896734d5f80c4d06c50955527a14f12b"
  integrity sha512-41Cifkg6e8TylSpdtTpeLVMqvSBEVzTttHvERD741+pnZ8ANv0004MRL43QKPDlK9cGvNp6NZWZUBlbGXYxxng==

is-stream@^3.0.0:
  version "3.0.0"
  resolved "https://registry.yarnpkg.com/is-stream/-/is-stream-3.0.0.tgz#e6bfd7aa6bef69f4f472ce9bb681e3e57b4319ac"
  integrity sha512-LnQR4bZ9IADDRSkvpqMGvt/tEJWclzklNgSw48V5EAaAeDd6qGvN8ei6k5p0tvxSR171VmGyHuTiAOfxAbr8kA==

isexe@^2.0.0:
  version "2.0.0"
  resolved "https://registry.yarnpkg.com/isexe/-/isexe-2.0.0.tgz#e8fbf374dc556ff8947a10dcb0572d633f2cfa10"
  integrity sha512-RHxMLp9lnKHGHRng9QFhRCMbYAcVpn69smSGcq3f36xjgVVWThj4qqLbTLlq7Ssj8B+fIQ1EuCEGI2lKsyQeIw==

js-yaml@^4.1.0:
  version "4.1.0"
  resolved "https://registry.yarnpkg.com/js-yaml/-/js-yaml-4.1.0.tgz#c1fb65f8f5017901cdd2c951864ba18458a10602"
  integrity sha512-wpxZs9NoxZaJESJGIZTyDEaYpl0FKSA+FB9aJiyemKhMwkxQg63h4T1KJgUGHpTqPDNRcmmYLugrRjJlBtWvRA==
  dependencies:
    argparse "^2.0.1"

kleur@^3.0.3:
  version "3.0.3"
  resolved "https://registry.yarnpkg.com/kleur/-/kleur-3.0.3.tgz#a79c9ecc86ee1ce3fa6206d1216c501f147fc07e"
  integrity sha512-eTIzlVOSUR+JxdDFepEYcBMtZ9Qqdef+rnzWdRZuMbOywu5tO2w2N7rqjoANZ5k9vywhL6Br1VRjUIgTQx4E8w==

locate-path@^6.0.0:
  version "6.0.0"
  resolved "https://registry.yarnpkg.com/locate-path/-/locate-path-6.0.0.tgz#55321eb309febbc59c4801d931a72452a681d286"
  integrity sha512-iPZK6eYjbxRu3uB4/WZ3EsEIMJFMqAoopl3R+zuq0UjcAm/MO6KCweDgPfP3elTztoKP3KtnVHxTn2NHBSDVUw==
  dependencies:
    p-locate "^5.0.0"

lodash.snakecase@^4.1.1:
  version "4.1.1"
  resolved "https://registry.yarnpkg.com/lodash.snakecase/-/lodash.snakecase-4.1.1.tgz#39d714a35357147837aefd64b5dcbb16becd8f8d"
  integrity sha512-QZ1d4xoBHYUeuouhEq3lk3Uq7ldgyFXGBhg04+oRLnIz8o9T65Eh+8YdroUwn846zchkA9yDsDl5CVVaV2nqYw==

lodash@^4.17.21:
  version "4.17.21"
  resolved "https://registry.yarnpkg.com/lodash/-/lodash-4.17.21.tgz#679591c564c3bffaae8454cf0b3df370c3d6911c"
  integrity sha512-v2kDEe57lecTulaDIuNTPy3Ry4gLGJ6Z1O3vE1krgXZNrsQ+LFTGHVxVjcXPs17LhbZVGedAJv8XZ1tvj5FvSg==

magic-bytes.js@^1.0.15:
  version "1.5.0"
  resolved "https://registry.yarnpkg.com/magic-bytes.js/-/magic-bytes.js-1.5.0.tgz#f5531ca53e1c8dab5692b8dcfb360f7ca6c6b6bc"
  integrity sha512-wJkXvutRbNWcc37tt5j1HyOK1nosspdh3dj6LUYYAvF6JYNqs53IfRvK9oEpcwiDA1NdoIi64yAMfdivPeVAyw==

map-stream@~0.1.0:
  version "0.1.0"
  resolved "https://registry.yarnpkg.com/map-stream/-/map-stream-0.1.0.tgz#e56aa94c4c8055a16404a0674b78f215f7c8e194"
  integrity sha512-CkYQrPYZfWnu/DAmVCpTSX/xHpKZ80eKh2lAkyA6AJTef6bW+6JpbQZN5rofum7da+SyN1bi5ctTm+lTfcCW3g==

merge-stream@^2.0.0:
  version "2.0.0"
  resolved "https://registry.yarnpkg.com/merge-stream/-/merge-stream-2.0.0.tgz#52823629a14dd00c9770fb6ad47dc6310f2c1f60"
  integrity sha512-abv/qOcuPfk3URPfDzmZU1LKmuw8kT+0nIHvKrKgFrwifol/doWcdA4ZqsWQ8ENrFKkd67Mfpo/LovbIUsbt3w==

mimic-fn@^4.0.0:
  version "4.0.0"
  resolved "https://registry.yarnpkg.com/mimic-fn/-/mimic-fn-4.0.0.tgz#60a90550d5cb0b239cca65d893b1a53b29871ecc"
  integrity sha512-vqiC06CuhBTUdZH+RYl8sFrL096vA45Ok5ISO6sE/Mr1jRbGH4Csnhi8f3wKVl7x8mO4Au7Ir9D3Oyv1VYMFJw==

node-cleanup@^2.1.2:
  version "2.1.2"
  resolved "https://registry.yarnpkg.com/node-cleanup/-/node-cleanup-2.1.2.tgz#7ac19abd297e09a7f72a71545d951b517e4dde2c"
  integrity sha512-qN8v/s2PAJwGUtr1/hYTpNKlD6Y9rc4p8KSmJXyGdYGZsDGKXrGThikLFP9OCHFeLeEpQzPwiAtdIvBLqm//Hw==

node-fetch@^2.6.12:
  version "2.7.0"
  resolved "https://registry.yarnpkg.com/node-fetch/-/node-fetch-2.7.0.tgz#d0f0fa6e3e2dc1d27efcd8ad99d550bda94d187d"
  integrity sha512-c4FRfUm/dbcWZ7U+1Wq0AwCyFL+3nt2bEw05wfxSz+DWpWsitgmSgYmy2dQdWyKC1694ELPqMs/YzUSNozLt8A==
  dependencies:
    whatwg-url "^5.0.0"

normalize-path@^3.0.0, normalize-path@~3.0.0:
  version "3.0.0"
  resolved "https://registry.yarnpkg.com/normalize-path/-/normalize-path-3.0.0.tgz#0dcd69ff23a1c9b11fd0978316644a0388216a65"
  integrity sha512-6eZs5Ls3WtCisHWp9S2GUy8dqkpGi4BVSz3GaqiE6ezub0512ESztXUwUB6C6IKbQkY2Pnb/mD4WYojCRwcwLA==

npm-run-path@^5.1.0:
  version "5.1.0"
  resolved "https://registry.yarnpkg.com/npm-run-path/-/npm-run-path-5.1.0.tgz#bc62f7f3f6952d9894bd08944ba011a6ee7b7e00"
  integrity sha512-sJOdmRGrY2sjNTRMbSvluQqg+8X7ZK61yvzBEIDhz4f8z1TZFYABsqjjCBd/0PUNE9M6QDgHJXQkGUEm7Q+l9Q==
  dependencies:
    path-key "^4.0.0"

onetime@^6.0.0:
  version "6.0.0"
  resolved "https://registry.yarnpkg.com/onetime/-/onetime-6.0.0.tgz#7c24c18ed1fd2e9bca4bd26806a33613c77d34b4"
  integrity sha512-1FlR+gjXK7X+AsAHso35MnyN5KqGwJRi/31ft6x0M194ht7S+rWAvd7PHss9xSKMzE0asv1pyIHaJYq+BbacAQ==
  dependencies:
    mimic-fn "^4.0.0"

p-limit@^3.0.2:
  version "3.1.0"
  resolved "https://registry.yarnpkg.com/p-limit/-/p-limit-3.1.0.tgz#e1daccbe78d0d1388ca18c64fea38e3e57e3706b"
  integrity sha512-TYOanM3wGwNGsZN2cVTYPArw454xnXj5qmWF1bEoAc4+cU/ol7GVh7odevjp1FNHduHc3KZMcFduxU5Xc6uJRQ==
  dependencies:
    yocto-queue "^0.1.0"

p-locate@^5.0.0:
  version "5.0.0"
  resolved "https://registry.yarnpkg.com/p-locate/-/p-locate-5.0.0.tgz#83c8315c6785005e3bd021839411c9e110e6d834"
  integrity sha512-LaNjtRWUBY++zB5nE/NwcaoMylSPk+S+ZHNB1TzdbMJMny6dynpAGt7X/tl/QYq3TIeE6nxHppbo2LGymrG5Pw==
  dependencies:
    p-limit "^3.0.2"

path-exists@^4.0.0:
  version "4.0.0"
  resolved "https://registry.yarnpkg.com/path-exists/-/path-exists-4.0.0.tgz#513bdbe2d3b95d7762e8c1137efa195c6c61b5b3"
  integrity sha512-ak9Qy5Q7jYb2Wwcey5Fpvg2KoAc/ZIhLSLOSBmRmygPsGwkVVt0fZa0qrtMz+m6tJTAHfZQ8FnmB4MG4LWy7/w==

path-key@^3.1.0:
  version "3.1.1"
  resolved "https://registry.yarnpkg.com/path-key/-/path-key-3.1.1.tgz#581f6ade658cbba65a0d3380de7753295054f375"
  integrity sha512-ojmeN0qd+y0jszEtoY48r0Peq5dwMEkIlCOu6Q5f41lfkswXuKtYrhgoTpLnyIcHm24Uhqx+5Tqm2InSwLhE6Q==

path-key@^4.0.0:
  version "4.0.0"
  resolved "https://registry.yarnpkg.com/path-key/-/path-key-4.0.0.tgz#295588dc3aee64154f877adb9d780b81c554bf18"
  integrity sha512-haREypq7xkM7ErfgIyA0z+Bj4AGKlMSdlQE2jvJo6huWD1EdkKYV+G/T4nq0YEF2vgTT8kqMFKo1uHn950r4SQ==

pause-stream@0.0.11:
  version "0.0.11"
  resolved "https://registry.yarnpkg.com/pause-stream/-/pause-stream-0.0.11.tgz#fe5a34b0cbce12b5aa6a2b403ee2e73b602f1445"
  integrity sha512-e3FBlXLmN/D1S+zHzanP4E/4Z60oFAa3O051qt1pxa7DEJWKAyil6upYVXCWadEnuoqa4Pkc9oUx9zsxYeRv8A==
  dependencies:
    through "~2.3"

picomatch@^2.0.4, picomatch@^2.2.1:
  version "2.3.1"
  resolved "https://registry.yarnpkg.com/picomatch/-/picomatch-2.3.1.tgz#3ba3833733646d9d3e4995946c1365a67fb07a42"
  integrity sha512-JU3teHTNjmE2VCGFzuY8EXzCDVwEqB2a8fsIvwaStHhAWJEeVd1o1QD80CU6+ZdEXXSLbSsuLwJjkCBWqRQUVA==

prettier@^3.0.0, prettier@^3.0.3:
  version "3.0.3"
  resolved "https://registry.yarnpkg.com/prettier/-/prettier-3.0.3.tgz#432a51f7ba422d1469096c0fdc28e235db8f9643"
  integrity sha512-L/4pUDMxcNa8R/EthV08Zt42WBO4h1rarVtK0K+QJG0X187OLo7l699jWw0GKuwzkPQ//jMFA/8Xm6Fh3J/DAg==

prisma@^5.5.2:
  version "5.5.2"
  resolved "https://registry.yarnpkg.com/prisma/-/prisma-5.5.2.tgz#54ad2f04f0dd4174f27128e4447013e8d75c4d69"
  integrity sha512-WQtG6fevOL053yoPl6dbHV+IWgKo25IRN4/pwAGqcWmg7CrtoCzvbDbN9fXUc7QS2KK0LimHIqLsaCOX/vHl8w==
  dependencies:
    "@prisma/engines" "5.5.2"

prompts@^2.4.2:
  version "2.4.2"
  resolved "https://registry.yarnpkg.com/prompts/-/prompts-2.4.2.tgz#7b57e73b3a48029ad10ebd44f74b01722a4cb069"
  integrity sha512-NxNv/kLguCA7p3jE8oL2aEBsrJWgAakBpgmgK6lpPWV+WuOmY6r2/zbAVnP+T8bQlA0nzHXSJSJW0Hq7ylaD2Q==
  dependencies:
    kleur "^3.0.3"
    sisteransi "^1.0.5"

ps-tree@^1.2.0:
  version "1.2.0"
  resolved "https://registry.yarnpkg.com/ps-tree/-/ps-tree-1.2.0.tgz#5e7425b89508736cdd4f2224d028f7bb3f722ebd"
  integrity sha512-0VnamPPYHl4uaU/nSFeZZpR21QAWRz+sRv4iW9+v/GS/J5U5iZB5BNN6J0RMoOvdx2gWM2+ZFMIm58q24e4UYA==
  dependencies:
    event-stream "=3.3.4"

readdirp@~3.6.0:
  version "3.6.0"
  resolved "https://registry.yarnpkg.com/readdirp/-/readdirp-3.6.0.tgz#74a370bd857116e245b29cc97340cd431a02a6c7"
  integrity sha512-hOS089on8RduqdbhvQ5Z37A0ESjsqz6qnRcffsMU3495FuTdqSm+7bhJ29JvIOsBDEEnan5DPu9t3To9VRlMzA==
  dependencies:
    picomatch "^2.2.1"

regenerator-runtime@^0.14.0:
  version "0.14.0"
  resolved "https://registry.yarnpkg.com/regenerator-runtime/-/regenerator-runtime-0.14.0.tgz#5e19d68eb12d486f797e15a3c6a918f7cec5eb45"
  integrity sha512-srw17NI0TUWHuGa5CFGGmhfNIeja30WMBfbslPNhf6JrqQlLN5gcrvig1oqPxiVaXb0oW0XRKtH6Nngs5lKCIA==

shebang-command@^2.0.0:
  version "2.0.0"
  resolved "https://registry.yarnpkg.com/shebang-command/-/shebang-command-2.0.0.tgz#ccd0af4f8835fbdc265b82461aaf0c36663f34ea"
  integrity sha512-kHxr2zZpYtdmrN1qDjrrX/Z1rR1kG8Dx+gkpK1G4eXmvXswmcE1hTWBWYUzlraYw1/yZp6YuDY77YtvbN0dmDA==
  dependencies:
    shebang-regex "^3.0.0"

shebang-regex@^3.0.0:
  version "3.0.0"
  resolved "https://registry.yarnpkg.com/shebang-regex/-/shebang-regex-3.0.0.tgz#ae16f1644d873ecad843b0307b143362d4c42172"
  integrity sha512-7++dFhtcx3353uBaq8DDR4NuxBetBzC7ZQOhmTQInHEd6bSrXdiEyzCvG07Z44UYdLShWUyXt5M/yhz8ekcb1A==

signal-exit@^3.0.7:
  version "3.0.7"
  resolved "https://registry.yarnpkg.com/signal-exit/-/signal-exit-3.0.7.tgz#a9a1767f8af84155114eaabd73f99273c8f59ad9"
  integrity sha512-wnD2ZE+l+SPC/uoS0vXeE9L1+0wuaMqKlfz9AMUo38JsyLSBWSFcHR1Rri62LZc12vLr1gb3jl7iwQhgwpAbGQ==

sisteransi@^1.0.5:
  version "1.0.5"
  resolved "https://registry.yarnpkg.com/sisteransi/-/sisteransi-1.0.5.tgz#134d681297756437cc05ca01370d3a7a571075ed"
  integrity sha512-bLGGlR1QxBcynn2d5YmDX4MGjlZvy2MRBDRNHLJ8VI6l6+9FUiyTFNJ0IveOSP0bcXgVDPRcfGqA0pjaqUpfVg==

split@0.3:
  version "0.3.3"
  resolved "https://registry.yarnpkg.com/split/-/split-0.3.3.tgz#cd0eea5e63a211dfff7eb0f091c4133e2d0dd28f"
  integrity sha512-wD2AeVmxXRBoX44wAycgjVpMhvbwdI2aZjCkvfNcH1YqHQvJVa1duWc73OyVGJUc05fhFaTZeQ/PYsrmyH0JVA==
  dependencies:
    through "2"

stream-combiner@~0.0.4:
  version "0.0.4"
  resolved "https://registry.yarnpkg.com/stream-combiner/-/stream-combiner-0.0.4.tgz#4d5e433c185261dde623ca3f44c586bcf5c4ad14"
  integrity sha512-rT00SPnTVyRsaSz5zgSPma/aHSOic5U1prhYdRy5HS2kTZviFpmDgzilbtsJsxiroqACmayynDN/9VzIbX5DOw==
  dependencies:
    duplexer "~0.1.1"

streamsearch@^1.1.0:
  version "1.1.0"
  resolved "https://registry.yarnpkg.com/streamsearch/-/streamsearch-1.1.0.tgz#404dd1e2247ca94af554e841a8ef0eaa238da764"
  integrity sha512-Mcc5wHehp9aXz1ax6bZUyY5afg9u2rv5cqQI3mRrYkGC8rW2hM02jWuwjtL++LS5qinSyhj2QfLyNsuc+VsExg==

string-argv@^0.3.1:
  version "0.3.2"
  resolved "https://registry.yarnpkg.com/string-argv/-/string-argv-0.3.2.tgz#2b6d0ef24b656274d957d54e0a4bbf6153dc02b6"
  integrity sha512-aqD2Q0144Z+/RqG52NeHEkZauTAUWJO8c6yTftGJKO3Tja5tUgIfmIl6kExvhtxSDP7fXB6DvzkfMpCd/F3G+Q==

strip-final-newline@^3.0.0:
  version "3.0.0"
  resolved "https://registry.yarnpkg.com/strip-final-newline/-/strip-final-newline-3.0.0.tgz#52894c313fbff318835280aed60ff71ebf12b8fd"
  integrity sha512-dOESqjYr96iWYylGObzd39EuNTa5VJxyvVAEm5Jnh7KGo75V43Hk1odPQkNDyXNmUR6k+gEiDVXnjB8HJ3crXw==

through@2, through@~2.3, through@~2.3.1:
  version "2.3.8"
  resolved "https://registry.yarnpkg.com/through/-/through-2.3.8.tgz#0dd4c9ffaabc357960b1b724115d7e0e86a2e1f5"
  integrity sha512-w89qg7PI8wAdvX60bMDP+bFoD5Dvhm9oLheFp5O4a2QF0cSBGsBX4qZmadPMvVqlLJBBci+WqGGOAPvcDeNSVg==

to-regex-range@^5.0.1:
  version "5.0.1"
  resolved "https://registry.yarnpkg.com/to-regex-range/-/to-regex-range-5.0.1.tgz#1648c44aae7c8d988a326018ed72f5b4dd0392e4"
  integrity sha512-65P7iz6X5yEr1cwcgvQxbbIw7Uk3gOy5dIdtZ4rDveLqhrdJP+Li/Hx6tyK0NEb+2GCyneCMJiGqrADCSNk8sQ==
  dependencies:
    is-number "^7.0.0"

tr46@~0.0.3:
  version "0.0.3"
  resolved "https://registry.yarnpkg.com/tr46/-/tr46-0.0.3.tgz#8184fd347dac9cdc185992f3a6622e14b9d9ab6a"
  integrity sha512-N3WMsuqV66lT30CrXNbEjx4GEwlow3v6rr4mCcv6prnfwhS01rkgyFdjPNBYd9br7LpXV1+Emh01fHnq2Gdgrw==

ts-mixer@^6.0.3:
  version "6.0.3"
  resolved "https://registry.yarnpkg.com/ts-mixer/-/ts-mixer-6.0.3.tgz#69bd50f406ff39daa369885b16c77a6194c7cae6"
  integrity sha512-k43M7uCG1AkTyxgnmI5MPwKoUvS/bRvLvUb7+Pgpdlmok8AoqmUaZxUUw8zKM5B1lqZrt41GjYgnvAi0fppqgQ==

tsc-watch@^6.0.4:
  version "6.0.4"
  resolved "https://registry.yarnpkg.com/tsc-watch/-/tsc-watch-6.0.4.tgz#af15229f03cd53086771a97b10653db063bc6c59"
  integrity sha512-cHvbvhjO86w2aGlaHgSCeQRl+Aqw6X6XN4sQMPZKF88GoP30O+oTuh5lRIJr5pgFWrRpF1AgXnJJ2DoFEIPHyg==
  dependencies:
    cross-spawn "^7.0.3"
    node-cleanup "^2.1.2"
    ps-tree "^1.2.0"
    string-argv "^0.3.1"

tslib@^2.4.0, tslib@^2.5.0, tslib@^2.6.0, tslib@^2.6.1, tslib@^2.6.2:
  version "2.6.2"
  resolved "https://registry.yarnpkg.com/tslib/-/tslib-2.6.2.tgz#703ac29425e7b37cd6fd456e92404d46d1f3e4ae"
  integrity sha512-AEYxH93jGFPn/a2iVAwW87VuUIkR1FVUKB77NwMF7nBTDkDrrT/Hpt/IrCJ0QXhW27jTBDcf5ZY7w6RiqTMw2Q==

typescript@^5.2.2:
  version "5.2.2"
  resolved "https://registry.yarnpkg.com/typescript/-/typescript-5.2.2.tgz#5ebb5e5a5b75f085f22bc3f8460fba308310fa78"
  integrity sha512-mI4WrpHsbCIcwT9cF4FZvr80QUeKvsUsUvKDoR+X/7XHQH98xYD8YHZg7ANtz2GtZt/CBq2QJ0thkGJMHfqc1w==

undici-types@~5.26.4:
  version "5.26.5"
  resolved "https://registry.yarnpkg.com/undici-types/-/undici-types-5.26.5.tgz#bcd539893d00b56e964fd2657a4866b221a65617"
  integrity sha512-JlCMO+ehdEIKqlFxk6IfVoAUVmgz7cU7zD/h9XZ0qzeosSHmUJVOzSQvvYSYWXkFXC+IfLKSIffhv0sVZup6pA==

undici@5.22.1:
  version "5.22.1"
  resolved "https://registry.yarnpkg.com/undici/-/undici-5.22.1.tgz#877d512effef2ac8be65e695f3586922e1a57d7b"
  integrity sha512-Ji2IJhFXZY0x/0tVBXeQwgPlLWw13GVzpsWPQ3rV50IFMMof2I55PZZxtm4P6iNq+L5znYN9nSTAq0ZyE6lSJw==
  dependencies:
    busboy "^1.6.0"

webidl-conversions@^3.0.0:
  version "3.0.1"
  resolved "https://registry.yarnpkg.com/webidl-conversions/-/webidl-conversions-3.0.1.tgz#24534275e2a7bc6be7bc86611cc16ae0a5654871"
  integrity sha512-2JAn3z8AR6rjK8Sm8orRC0h/bcl/DqL7tRPdGZ4I1CjdF+EaMLmYxBHyXuKL849eucPFhvBoxMsflfOb8kxaeQ==

whatwg-url@^5.0.0:
  version "5.0.0"
  resolved "https://registry.yarnpkg.com/whatwg-url/-/whatwg-url-5.0.0.tgz#966454e8765462e37644d3626f6742ce8b70965d"
  integrity sha512-saE57nupxk6v3HY35+jzBwYa0rKSy0XR8JSxZPwgLr7ys0IBzhGviA1/TUGJLmSVqs8pb9AnvICXEuOHLprYTw==
  dependencies:
    tr46 "~0.0.3"
    webidl-conversions "^3.0.0"

which@^2.0.1:
  version "2.0.2"
  resolved "https://registry.yarnpkg.com/which/-/which-2.0.2.tgz#7c6a8dd0a636a0327e10b59c9286eee93f3f51b1"
  integrity sha512-BLI3Tl1TW3Pvl70l3yq3Y64i+awpwXqsGBYWkkqMtnbXgrMD+yj7rhW0kuEDxzJaYXGjEW5ogapKNMEKNMjibA==
  dependencies:
    isexe "^2.0.0"

ws@^8.13.0:
  version "8.14.2"
  resolved "https://registry.yarnpkg.com/ws/-/ws-8.14.2.tgz#6c249a806eb2db7a20d26d51e7709eab7b2e6c7f"
  integrity sha512-wEBG1ftX4jcglPxgFCMJmZ2PLtSbJ2Peg6TmpJFTbe9GZYOQCDPdMYu/Tm0/bGZkw8paZnJY45J4K2PZrLYq8g==

yocto-queue@^0.1.0:
  version "0.1.0"
  resolved "https://registry.yarnpkg.com/yocto-queue/-/yocto-queue-0.1.0.tgz#0294eb3dee05028d31ee1a5fa2c556a6aaf10a1b"
  integrity sha512-rVksvsnNCdJ/ohGc6xgPwyN8eheCxsiLM8mxuE/t/mOVqJewPuO1miLpTHQiRgTKCLexL4MeAFVagts7HmNZ2Q==
